
Microsoft Visual Studio Solution File, Format Version 12.00
# Visual Studio Version 17
VisualStudioVersion = 17.1.32228.430
MinimumVisualStudioVersion = 10.0.40219.1
Project("{9A19103F-16F7-4668-BE54-9A1E7A4F7556}") = "Archimedes.Business", "Archimedes.Business\Archimedes.Business.csproj", "{E93E75AE-728E-44F9-852D-4ABB9A81FCE5}"
EndProject
Project("{9A19103F-16F7-4668-BE54-9A1E7A4F7556}") = "Archimedes.Entity", "Archimedes.Entity\Archimedes.Entity.csproj", "{9C967DB0-C544-4683-B1CB-A8675515629D}"
EndProject
Project("{9A19103F-16F7-4668-BE54-9A1E7A4F7556}") = "Archimedes.Data", "Archimedes.Data\Archimedes.Data.csproj", "{12C17AA7-BBE5-4D9A-A446-78316FE7524A}"
EndProject
Project("{FAE04EC0-301F-11D3-BF4B-00C04F79EFBC}") = "Archimedes.Web", "Archimedes.Web\Archimedes.Web.csproj", "{AB62DBB0-F8BB-47E9-B682-868F312BCF3C}"
EndProject
Global
	GlobalSection(SolutionConfigurationPlatforms) = preSolution
		Debug|Any CPU = Debug|Any CPU
		Release|Any CPU = Release|Any CPU
	EndGlobalSection
	GlobalSection(ProjectConfigurationPlatforms) = postSolution
		{E93E75AE-728E-44F9-852D-4ABB9A81FCE5}.Debug|Any CPU.ActiveCfg = Debug|Any CPU
		{E93E75AE-728E-44F9-852D-4ABB9A81FCE5}.Debug|Any CPU.Build.0 = Debug|Any CPU
		{E93E75AE-728E-44F9-852D-4ABB9A81FCE5}.Release|Any CPU.ActiveCfg = Release|Any CPU
		{E93E75AE-728E-44F9-852D-4ABB9A81FCE5}.Release|Any CPU.Build.0 = Release|Any CPU
		{9C967DB0-C544-4683-B1CB-A8675515629D}.Debug|Any CPU.ActiveCfg = Debug|Any CPU
		{9C967DB0-C544-4683-B1CB-A8675515629D}.Debug|Any CPU.Build.0 = Debug|Any CPU
		{9C967DB0-C544-4683-B1CB-A8675515629D}.Release|Any CPU.ActiveCfg = Release|Any CPU
		{9C967DB0-C544-4683-B1CB-A8675515629D}.Release|Any CPU.Build.0 = Release|Any CPU
		{12C17AA7-BBE5-4D9A-A446-78316FE7524A}.Debug|Any CPU.ActiveCfg = Debug|Any CPU
		{12C17AA7-BBE5-4D9A-A446-78316FE7524A}.Debug|Any CPU.Build.0 = Debug|Any CPU
		{12C17AA7-BBE5-4D9A-A446-78316FE7524A}.Release|Any CPU.ActiveCfg = Release|Any CPU
		{12C17AA7-BBE5-4D9A-A446-78316FE7524A}.Release|Any CPU.Build.0 = Release|Any CPU
		{AB62DBB0-F8BB-47E9-B682-868F312BCF3C}.Debug|Any CPU.ActiveCfg = Debug|Any CPU
		{AB62DBB0-F8BB-47E9-B682-868F312BCF3C}.Debug|Any CPU.Build.0 = Debug|Any CPU
		{AB62DBB0-F8BB-47E9-B682-868F312BCF3C}.Release|Any CPU.ActiveCfg = Release|Any CPU
		{AB62DBB0-F8BB-47E9-B682-868F312BCF3C}.Release|Any CPU.Build.0 = Release|Any CPU
	EndGlobalSection
	GlobalSection(SolutionProperties) = preSolution
		HideSolutionNode = FALSE
	EndGlobalSection
	GlobalSection(ExtensibilityGlobals) = postSolution
		SolutionGuid = {0050EAAB-DBFB-424E-B94B-9D71D37EA508}
	EndGlobalSection
EndGlobal
