
Microsoft Visual Studio Solution File, Format Version 12.00
# Visual Studio Version 17
VisualStudioVersion = 17.1.32228.430
MinimumVisualStudioVersion = 10.0.40219.1
Project("{FAE04EC0-301F-11D3-BF4B-00C04F79EFBC}") = "Archimedes.Web", "ArchimedesUI\Archimedes.Web.csproj", "{0B5C56ED-D4AB-4562-ADA2-0C383354ADAE}"
EndProject
Project("{FAE04EC0-301F-11D3-BF4B-00C04F79EFBC}") = "Archimedes.Core", "Archimedes.Core\Archimedes.Core.csproj", "{6A122365-CE19-42CE-BFB4-AAE656AFB13F}"
EndProject
Global
	GlobalSection(SolutionConfigurationPlatforms) = preSolution
		Debug|Any CPU = Debug|Any CPU
		Release|Any CPU = Release|Any CPU
	EndGlobalSection
	GlobalSection(ProjectConfigurationPlatforms) = postSolution
		{0B5C56ED-D4AB-4562-ADA2-0C383354ADAE}.Debug|Any CPU.ActiveCfg = Debug|Any CPU
		{0B5C56ED-D4AB-4562-ADA2-0C383354ADAE}.Debug|Any CPU.Build.0 = Debug|Any CPU
		{0B5C56ED-D4AB-4562-ADA2-0C383354ADAE}.Release|Any CPU.ActiveCfg = Release|Any CPU
		{0B5C56ED-D4AB-4562-ADA2-0C383354ADAE}.Release|Any CPU.Build.0 = Release|Any CPU
		{6A122365-CE19-42CE-BFB4-AAE656AFB13F}.Debug|Any CPU.ActiveCfg = Debug|Any CPU
		{6A122365-CE19-42CE-BFB4-AAE656AFB13F}.Debug|Any CPU.Build.0 = Debug|Any CPU
		{6A122365-CE19-42CE-BFB4-AAE656AFB13F}.Release|Any CPU.ActiveCfg = Release|Any CPU
		{6A122365-CE19-42CE-BFB4-AAE656AFB13F}.Release|Any CPU.Build.0 = Release|Any CPU
	EndGlobalSection
	GlobalSection(SolutionProperties) = preSolution
		HideSolutionNode = FALSE
	EndGlobalSection
	GlobalSection(ExtensibilityGlobals) = postSolution
		SolutionGuid = {0050EAAB-DBFB-424E-B94B-9D71D37EA508}
	EndGlobalSection
EndGlobal
